
Microsoft Visual Studio Solution File, Format Version 12.00
# Visual Studio Version 17
VisualStudioVersion = 17.0.31808.319
MinimumVisualStudioVersion = 10.0.40219.1
Project("{2150E333-8FDC-42A3-9474-1A3956D46DE8}") = "src", "src", "{FFD791A0-F1B2-40C5-83EF-51863904768F}"
EndProject
Project("{2150E333-8FDC-42A3-9474-1A3956D46DE8}") = "Mettle.Attributes", "Mettle.Attributes", "{AFB23872-8626-4EBB-9A38-863E45F5BBB8}"
EndProject
Project("{9A19103F-16F7-4668-BE54-9A1E7A4F7556}") = "Mettle.Attributes", "src\Mettle.Attributes\src\Mettle.Attributes.csproj", "{81E69CE5-2E0B-4B9B-8EFC-0FB9EC4AA060}"
EndProject
Project("{2150E333-8FDC-42A3-9474-1A3956D46DE8}") = "Cdk.Docker", "Cdk.Docker", "{C6504B9D-BCDF-4D3D-891D-83AE8386E320}"
EndProject
Project("{9A19103F-16F7-4668-BE54-9A1E7A4F7556}") = "CdkDocker", "src\Cdk.Docker\src\CdkDocker.csproj", "{5B64037D-47A9-4738-9ED1-573344314F5D}"
EndProject
Project("{2150E333-8FDC-42A3-9474-1A3956D46DE8}") = "PowerShell.Core", "PowerShell.Core", "{29894D68-0A4D-48D3-B9C4-320AA020E15B}"
EndProject
Project("{FAE04EC0-301F-11D3-BF4B-00C04F79EFBC}") = "NerdyMishka.PowerShell.Core", "src\PowerShell.Core\src\NerdyMishka.PowerShell.Core.csproj", "{31AE81F9-9E3F-47F1-8523-2F836CAD2BE3}"
EndProject
Project("{2150E333-8FDC-42A3-9474-1A3956D46DE8}") = "WebApi", "WebApi", "{3A7D20D4-EDA5-473D-8A72-EBA43B112344}"
EndProject
Project("{FAE04EC0-301F-11D3-BF4B-00C04F79EFBC}") = "NerdyMishka.WebApi", "src\WebApi\src\NerdyMishka.WebApi.csproj", "{A50B4F5E-C48C-4AC5-8D36-C8594DD69CF5}"
EndProject
Project("{2150E333-8FDC-42A3-9474-1A3956D46DE8}") = "Core", "Core", "{3E764FFE-7137-408E-91B6-C5F2348FFBAF}"
EndProject
Project("{FAE04EC0-301F-11D3-BF4B-00C04F79EFBC}") = "NerdyMishka.Core", "src\Core\src\NerdyMishka.Core.csproj", "{BFFB05CA-F336-4443-AC1C-C72600BAD10D}"
EndProject
Project("{2150E333-8FDC-42A3-9474-1A3956D46DE8}") = "Extensions.EntityFrameworkCore", "Extensions.EntityFrameworkCore", "{2CA33166-9738-4D88-AB0F-C1DEFCDC1091}"
EndProject
Project("{FAE04EC0-301F-11D3-BF4B-00C04F79EFBC}") = "NerdyMishka.Extensions.EntityFrameworkCore", "src\Extensions.EntityFrameworkCore\src\NerdyMishka.Extensions.EntityFrameworkCore.csproj", "{C553AC7A-5E05-4675-9174-B562CE744882}"
EndProject
Project("{FAE04EC0-301F-11D3-BF4B-00C04F79EFBC}") = "NerdyMishka.Core.Tests", "src\Core\test\NerdyMishka.Core.Tests.csproj", "{E54DBF4E-956A-414F-B009-EE361463ACFE}"
EndProject
Project("{2150E333-8FDC-42A3-9474-1A3956D46DE8}") = "Security.Abstractions", "Security.Abstractions", "{6B61F20C-9322-423D-9A08-0DA5DDDDE6A5}"
EndProject
Project("{FAE04EC0-301F-11D3-BF4B-00C04F79EFBC}") = "NerdyMiska.Security.Abstractions", "src\Security.Abstractions\src\NerdyMiska.Security.Abstractions.csproj", "{0A4BF898-D994-4D53-8247-B2D4407450CB}"
EndProject
Project("{2150E333-8FDC-42A3-9474-1A3956D46DE8}") = "Security.Cryptography.X509Certificates", "Security.Cryptography.X509Certificates", "{2B3A2B6F-67C9-4EC2-9204-9A6C699E9FAE}"
EndProject
Project("{FAE04EC0-301F-11D3-BF4B-00C04F79EFBC}") = "NerdyMiska.Security.Cryptography.X509Certificates", "src\Security.Cryptography.X509Certificates\src\NerdyMiska.Security.Cryptography.X509Certificates.csproj", "{03399BFC-C129-4E4A-BDD3-7CC670E04E27}"
EndProject
Global
	GlobalSection(SolutionConfigurationPlatforms) = preSolution
		Debug|Any CPU = Debug|Any CPU
		Release|Any CPU = Release|Any CPU
	EndGlobalSection
	GlobalSection(ProjectConfigurationPlatforms) = postSolution
		{81E69CE5-2E0B-4B9B-8EFC-0FB9EC4AA060}.Debug|Any CPU.ActiveCfg = Debug|Any CPU
		{81E69CE5-2E0B-4B9B-8EFC-0FB9EC4AA060}.Debug|Any CPU.Build.0 = Debug|Any CPU
		{81E69CE5-2E0B-4B9B-8EFC-0FB9EC4AA060}.Release|Any CPU.ActiveCfg = Release|Any CPU
		{81E69CE5-2E0B-4B9B-8EFC-0FB9EC4AA060}.Release|Any CPU.Build.0 = Release|Any CPU
		{5B64037D-47A9-4738-9ED1-573344314F5D}.Debug|Any CPU.ActiveCfg = Debug|Any CPU
		{5B64037D-47A9-4738-9ED1-573344314F5D}.Debug|Any CPU.Build.0 = Debug|Any CPU
		{5B64037D-47A9-4738-9ED1-573344314F5D}.Release|Any CPU.ActiveCfg = Release|Any CPU
		{5B64037D-47A9-4738-9ED1-573344314F5D}.Release|Any CPU.Build.0 = Release|Any CPU
		{31AE81F9-9E3F-47F1-8523-2F836CAD2BE3}.Debug|Any CPU.ActiveCfg = Debug|Any CPU
		{31AE81F9-9E3F-47F1-8523-2F836CAD2BE3}.Debug|Any CPU.Build.0 = Debug|Any CPU
		{31AE81F9-9E3F-47F1-8523-2F836CAD2BE3}.Release|Any CPU.ActiveCfg = Release|Any CPU
		{31AE81F9-9E3F-47F1-8523-2F836CAD2BE3}.Release|Any CPU.Build.0 = Release|Any CPU
		{A50B4F5E-C48C-4AC5-8D36-C8594DD69CF5}.Debug|Any CPU.ActiveCfg = Debug|Any CPU
		{A50B4F5E-C48C-4AC5-8D36-C8594DD69CF5}.Debug|Any CPU.Build.0 = Debug|Any CPU
		{A50B4F5E-C48C-4AC5-8D36-C8594DD69CF5}.Release|Any CPU.ActiveCfg = Release|Any CPU
		{A50B4F5E-C48C-4AC5-8D36-C8594DD69CF5}.Release|Any CPU.Build.0 = Release|Any CPU
		{BFFB05CA-F336-4443-AC1C-C72600BAD10D}.Debug|Any CPU.ActiveCfg = Debug|Any CPU
		{BFFB05CA-F336-4443-AC1C-C72600BAD10D}.Debug|Any CPU.Build.0 = Debug|Any CPU
		{BFFB05CA-F336-4443-AC1C-C72600BAD10D}.Release|Any CPU.ActiveCfg = Release|Any CPU
		{BFFB05CA-F336-4443-AC1C-C72600BAD10D}.Release|Any CPU.Build.0 = Release|Any CPU
		{C553AC7A-5E05-4675-9174-B562CE744882}.Debug|Any CPU.ActiveCfg = Debug|Any CPU
		{C553AC7A-5E05-4675-9174-B562CE744882}.Debug|Any CPU.Build.0 = Debug|Any CPU
		{C553AC7A-5E05-4675-9174-B562CE744882}.Release|Any CPU.ActiveCfg = Release|Any CPU
		{C553AC7A-5E05-4675-9174-B562CE744882}.Release|Any CPU.Build.0 = Release|Any CPU
		{E54DBF4E-956A-414F-B009-EE361463ACFE}.Debug|Any CPU.ActiveCfg = Debug|Any CPU
		{E54DBF4E-956A-414F-B009-EE361463ACFE}.Debug|Any CPU.Build.0 = Debug|Any CPU
		{E54DBF4E-956A-414F-B009-EE361463ACFE}.Release|Any CPU.ActiveCfg = Release|Any CPU
		{E54DBF4E-956A-414F-B009-EE361463ACFE}.Release|Any CPU.Build.0 = Release|Any CPU
		{0A4BF898-D994-4D53-8247-B2D4407450CB}.Debug|Any CPU.ActiveCfg = Debug|Any CPU
		{0A4BF898-D994-4D53-8247-B2D4407450CB}.Debug|Any CPU.Build.0 = Debug|Any CPU
		{0A4BF898-D994-4D53-8247-B2D4407450CB}.Release|Any CPU.ActiveCfg = Release|Any CPU
		{0A4BF898-D994-4D53-8247-B2D4407450CB}.Release|Any CPU.Build.0 = Release|Any CPU
		{03399BFC-C129-4E4A-BDD3-7CC670E04E27}.Debug|Any CPU.ActiveCfg = Debug|Any CPU
		{03399BFC-C129-4E4A-BDD3-7CC670E04E27}.Debug|Any CPU.Build.0 = Debug|Any CPU
		{03399BFC-C129-4E4A-BDD3-7CC670E04E27}.Release|Any CPU.ActiveCfg = Release|Any CPU
		{03399BFC-C129-4E4A-BDD3-7CC670E04E27}.Release|Any CPU.Build.0 = Release|Any CPU
	EndGlobalSection
	GlobalSection(SolutionProperties) = preSolution
		HideSolutionNode = FALSE
	EndGlobalSection
	GlobalSection(NestedProjects) = preSolution
		{AFB23872-8626-4EBB-9A38-863E45F5BBB8} = {FFD791A0-F1B2-40C5-83EF-51863904768F}
		{81E69CE5-2E0B-4B9B-8EFC-0FB9EC4AA060} = {AFB23872-8626-4EBB-9A38-863E45F5BBB8}
		{C6504B9D-BCDF-4D3D-891D-83AE8386E320} = {FFD791A0-F1B2-40C5-83EF-51863904768F}
		{5B64037D-47A9-4738-9ED1-573344314F5D} = {C6504B9D-BCDF-4D3D-891D-83AE8386E320}
		{29894D68-0A4D-48D3-B9C4-320AA020E15B} = {FFD791A0-F1B2-40C5-83EF-51863904768F}
		{31AE81F9-9E3F-47F1-8523-2F836CAD2BE3} = {29894D68-0A4D-48D3-B9C4-320AA020E15B}
		{3A7D20D4-EDA5-473D-8A72-EBA43B112344} = {FFD791A0-F1B2-40C5-83EF-51863904768F}
		{A50B4F5E-C48C-4AC5-8D36-C8594DD69CF5} = {3A7D20D4-EDA5-473D-8A72-EBA43B112344}
		{3E764FFE-7137-408E-91B6-C5F2348FFBAF} = {FFD791A0-F1B2-40C5-83EF-51863904768F}
		{BFFB05CA-F336-4443-AC1C-C72600BAD10D} = {3E764FFE-7137-408E-91B6-C5F2348FFBAF}
		{2CA33166-9738-4D88-AB0F-C1DEFCDC1091} = {FFD791A0-F1B2-40C5-83EF-51863904768F}
		{C553AC7A-5E05-4675-9174-B562CE744882} = {2CA33166-9738-4D88-AB0F-C1DEFCDC1091}
		{E54DBF4E-956A-414F-B009-EE361463ACFE} = {3E764FFE-7137-408E-91B6-C5F2348FFBAF}
		{6B61F20C-9322-423D-9A08-0DA5DDDDE6A5} = {FFD791A0-F1B2-40C5-83EF-51863904768F}
		{0A4BF898-D994-4D53-8247-B2D4407450CB} = {6B61F20C-9322-423D-9A08-0DA5DDDDE6A5}
		{2B3A2B6F-67C9-4EC2-9204-9A6C699E9FAE} = {FFD791A0-F1B2-40C5-83EF-51863904768F}
		{03399BFC-C129-4E4A-BDD3-7CC670E04E27} = {2B3A2B6F-67C9-4EC2-9204-9A6C699E9FAE}
	EndGlobalSection
	GlobalSection(ExtensibilityGlobals) = postSolution
		SolutionGuid = {0299AE92-5FD1-4594-8318-D0C339BB871F}
	EndGlobalSection
EndGlobal
